# THIS IS AN AUTOGENERATED FILE. DO NOT EDIT THIS FILE DIRECTLY.
# yarn lockfile v1


num-format@^0.1.1:
  version "0.1.1"
  resolved "https://registry.yarnpkg.com/num-format/-/num-format-0.1.1.tgz#0d08d00cd3ab426f76f9a3d4e3d5ed45c827ba33"
  integrity sha512-Mc+umzh2dq7RJaEuE+NhlMKH6dR3KkSZk2nirhHlHdb0KzDGU7RiJsaTsDa3z/v+Tzm2NaZvBj8Vmn6jbMTf9g==
  dependencies:
    typecheck-extended "1.0.3"

typecheck-extended@1.0.3:
  version "1.0.3"
  resolved "https://registry.yarnpkg.com/typecheck-extended/-/typecheck-extended-1.0.3.tgz#85046a68c57c42030f687b6535555de248901fc6"
  integrity sha512-nemR0p8sHOanaQGNoMN1jIFggGCups0vR9CTAEe2yn3m0tFaTPPTKT8/IKXrN8e3ROiRmapAeCFS54O2t3+voQ==
